// !$*UTF8*$!
{
	archiveVersion = 1;
	classes = {
	};
	objectVersion = 55;
	objects = {

/* Begin PBXBuildFile section */
		9C2DBCF9286D9A0E00E5203F /* AppDelegate.swift in Sources */ = {isa = PBXBuildFile; fileRef = 9C2DBCF8286D9A0E00E5203F /* AppDelegate.swift */; };
		9C2DBCFB286D9A0E00E5203F /* SceneDelegate.swift in Sources */ = {isa = PBXBuildFile; fileRef = 9C2DBCFA286D9A0E00E5203F /* SceneDelegate.swift */; };
		9C2DBCFD286D9A0E00E5203F /* NotebookListViewController.swift in Sources */ = {isa = PBXBuildFile; fileRef = 9C2DBCFC286D9A0E00E5203F /* NotebookListViewController.swift */; };
		9C2DBD00286D9A0E00E5203F /* Main.storyboard in Resources */ = {isa = PBXBuildFile; fileRef = 9C2DBCFE286D9A0E00E5203F /* Main.storyboard */; };
		9C2DBD05286D9A0E00E5203F /* Assets.xcassets in Resources */ = {isa = PBXBuildFile; fileRef = 9C2DBD04286D9A0E00E5203F /* Assets.xcassets */; };
		9C2DBD08286D9A0E00E5203F /* LaunchScreen.storyboard in Resources */ = {isa = PBXBuildFile; fileRef = 9C2DBD06286D9A0E00E5203F /* LaunchScreen.storyboard */; };
		9C2DBD12286F638100E5203F /* DataController.swift in Sources */ = {isa = PBXBuildFile; fileRef = 9C2DBD11286F638100E5203F /* DataController.swift */; };
		9C5682732874907F007B20DC /* NotesListViewController.swift in Sources */ = {isa = PBXBuildFile; fileRef = 9C5682722874907F007B20DC /* NotesListViewController.swift */; };
		9C56827B2875CFDB007B20DC /* NotebookListViewModel.swift in Sources */ = {isa = PBXBuildFile; fileRef = 9C56827A2875CFDB007B20DC /* NotebookListViewModel.swift */; };
		9C56827F2875E881007B20DC /* NotesListViewModel.swift in Sources */ = {isa = PBXBuildFile; fileRef = 9C56827E2875E881007B20DC /* NotesListViewModel.swift */; };
		9C5682842876E239007B20DC /* NotebookViewCell.swift in Sources */ = {isa = PBXBuildFile; fileRef = 9C5682832876E239007B20DC /* NotebookViewCell.swift */; };
		9C568286287714FB007B20DC /* UITableView+Extensions.swift in Sources */ = {isa = PBXBuildFile; fileRef = 9C568285287714FB007B20DC /* UITableView+Extensions.swift */; };
		9C568289287739FF007B20DC /* NotesApp.xcdatamodeld in Sources */ = {isa = PBXBuildFile; fileRef = 9C568287287739FF007B20DC /* NotesApp.xcdatamodeld */; };
		9C56828C287830D2007B20DC /* NotesViewCell.swift in Sources */ = {isa = PBXBuildFile; fileRef = 9C56828B287830D2007B20DC /* NotesViewCell.swift */; };
/* End PBXBuildFile section */

/* Begin PBXFileReference section */
		9C2DBCF5286D9A0E00E5203F /* NotesApp.app */ = {isa = PBXFileReference; explicitFileType = wrapper.application; includeInIndex = 0; path = NotesApp.app; sourceTree = BUILT_PRODUCTS_DIR; };
		9C2DBCF8286D9A0E00E5203F /* AppDelegate.swift */ = {isa = PBXFileReference; lastKnownFileType = sourcecode.swift; path = AppDelegate.swift; sourceTree = "<group>"; };
		9C2DBCFA286D9A0E00E5203F /* SceneDelegate.swift */ = {isa = PBXFileReference; lastKnownFileType = sourcecode.swift; path = SceneDelegate.swift; sourceTree = "<group>"; };
		9C2DBCFC286D9A0E00E5203F /* NotebookListViewController.swift */ = {isa = PBXFileReference; lastKnownFileType = sourcecode.swift; path = NotebookListViewController.swift; sourceTree = "<group>"; };
		9C2DBCFF286D9A0E00E5203F /* Base */ = {isa = PBXFileReference; lastKnownFileType = file.storyboard; name = Base; path = Base.lproj/Main.storyboard; sourceTree = "<group>"; };
		9C2DBD04286D9A0E00E5203F /* Assets.xcassets */ = {isa = PBXFileReference; lastKnownFileType = folder.assetcatalog; path = Assets.xcassets; sourceTree = "<group>"; };
		9C2DBD07286D9A0E00E5203F /* Base */ = {isa = PBXFileReference; lastKnownFileType = file.storyboard; name = Base; path = Base.lproj/LaunchScreen.storyboard; sourceTree = "<group>"; };
		9C2DBD09286D9A0E00E5203F /* Info.plist */ = {isa = PBXFileReference; lastKnownFileType = text.plist.xml; path = Info.plist; sourceTree = "<group>"; };
		9C2DBD11286F638100E5203F /* DataController.swift */ = {isa = PBXFileReference; lastKnownFileType = sourcecode.swift; path = DataController.swift; sourceTree = "<group>"; };
		9C5682722874907F007B20DC /* NotesListViewController.swift */ = {isa = PBXFileReference; lastKnownFileType = sourcecode.swift; path = NotesListViewController.swift; sourceTree = "<group>"; };
		9C56827A2875CFDB007B20DC /* NotebookListViewModel.swift */ = {isa = PBXFileReference; lastKnownFileType = sourcecode.swift; path = NotebookListViewModel.swift; sourceTree = "<group>"; };
		9C56827E2875E881007B20DC /* NotesListViewModel.swift */ = {isa = PBXFileReference; lastKnownFileType = sourcecode.swift; path = NotesListViewModel.swift; sourceTree = "<group>"; };
		9C5682832876E239007B20DC /* NotebookViewCell.swift */ = {isa = PBXFileReference; lastKnownFileType = sourcecode.swift; path = NotebookViewCell.swift; sourceTree = "<group>"; };
		9C568285287714FB007B20DC /* UITableView+Extensions.swift */ = {isa = PBXFileReference; lastKnownFileType = sourcecode.swift; path = "UITableView+Extensions.swift"; sourceTree = "<group>"; };
		9C568288287739FF007B20DC /* NotesApp.xcdatamodel */ = {isa = PBXFileReference; lastKnownFileType = wrapper.xcdatamodel; path = NotesApp.xcdatamodel; sourceTree = "<group>"; };
		9C56828B287830D2007B20DC /* NotesViewCell.swift */ = {isa = PBXFileReference; lastKnownFileType = sourcecode.swift; path = NotesViewCell.swift; sourceTree = "<group>"; };
/* End PBXFileReference section */

/* Begin PBXFrameworksBuildPhase section */
		9C2DBCF2286D9A0E00E5203F /* Frameworks */ = {
			isa = PBXFrameworksBuildPhase;
			buildActionMask = 2147483647;
			files = (
			);
			runOnlyForDeploymentPostprocessing = 0;
		};
/* End PBXFrameworksBuildPhase section */

/* Begin PBXGroup section */
		9C2DBCEC286D9A0E00E5203F = {
			isa = PBXGroup;
			children = (
				9C2DBCF7286D9A0E00E5203F /* NotesApp */,
				9C2DBCF6286D9A0E00E5203F /* Products */,
			);
			sourceTree = "<group>";
		};
		9C2DBCF6286D9A0E00E5203F /* Products */ = {
			isa = PBXGroup;
			children = (
				9C2DBCF5286D9A0E00E5203F /* NotesApp.app */,
			);
			name = Products;
			sourceTree = "<group>";
		};
		9C2DBCF7286D9A0E00E5203F /* NotesApp */ = {
			isa = PBXGroup;
			children = (
				9C568285287714FB007B20DC /* UITableView+Extensions.swift */,
				9C2DBCF8286D9A0E00E5203F /* AppDelegate.swift */,
				9C2DBD0F286D9C0300E5203F /* Model */,
				9C2DBD10286D9C1200E5203F /* View */,
				9C2DBCFA286D9A0E00E5203F /* SceneDelegate.swift */,
				9C2DBCFE286D9A0E00E5203F /* Main.storyboard */,
				9C2DBD04286D9A0E00E5203F /* Assets.xcassets */,
				9C2DBD06286D9A0E00E5203F /* LaunchScreen.storyboard */,
				9C2DBD09286D9A0E00E5203F /* Info.plist */,
			);
			path = NotesApp;
			sourceTree = "<group>";
		};
		9C2DBD0F286D9C0300E5203F /* Model */ = {
			isa = PBXGroup;
			children = (
				9C2DBD11286F638100E5203F /* DataController.swift */,
				9C568287287739FF007B20DC /* NotesApp.xcdatamodeld */,
			);
			path = Model;
			sourceTree = "<group>";
		};
		9C2DBD10286D9C1200E5203F /* View */ = {
			isa = PBXGroup;
			children = (
				9C5682742875CA85007B20DC /* NotebookList */,
				9C5682772875CE61007B20DC /* NoteList */,
			);
			path = View;
			sourceTree = "<group>";
		};
		9C5682742875CA85007B20DC /* NotebookList */ = {
			isa = PBXGroup;
			children = (
				9C5682762875CA97007B20DC /* View */,
				9C5682752875CA8D007B20DC /* ViewModel */,
			);
			path = NotebookList;
			sourceTree = "<group>";
		};
		9C5682752875CA8D007B20DC /* ViewModel */ = {
			isa = PBXGroup;
			children = (
				9C56827A2875CFDB007B20DC /* NotebookListViewModel.swift */,
			);
			path = ViewModel;
			sourceTree = "<group>";
		};
		9C5682762875CA97007B20DC /* View */ = {
			isa = PBXGroup;
			children = (
				9C2DBCFC286D9A0E00E5203F /* NotebookListViewController.swift */,
				9C5682822876E223007B20DC /* Components */,
			);
			path = View;
			sourceTree = "<group>";
		};
		9C5682772875CE61007B20DC /* NoteList */ = {
			isa = PBXGroup;
			children = (
				9C5682782875CE6C007B20DC /* View */,
				9C5682792875CE7C007B20DC /* ViewModel */,
			);
			path = NoteList;
			sourceTree = "<group>";
		};
		9C5682782875CE6C007B20DC /* View */ = {
			isa = PBXGroup;
			children = (
				9C5682722874907F007B20DC /* NotesListViewController.swift */,
				9C56828A287830C0007B20DC /* Components */,
			);
			path = View;
			sourceTree = "<group>";
		};
		9C5682792875CE7C007B20DC /* ViewModel */ = {
			isa = PBXGroup;
			children = (
				9C56827E2875E881007B20DC /* NotesListViewModel.swift */,
			);
			path = ViewModel;
			sourceTree = "<group>";
		};
		9C5682822876E223007B20DC /* Components */ = {
			isa = PBXGroup;
			children = (
				9C5682832876E239007B20DC /* NotebookViewCell.swift */,
			);
			path = Components;
			sourceTree = "<group>";
		};
		9C56828A287830C0007B20DC /* Components */ = {
			isa = PBXGroup;
			children = (
				9C56828B287830D2007B20DC /* NotesViewCell.swift */,
			);
			path = Components;
			sourceTree = "<group>";
		};
/* End PBXGroup section */

/* Begin PBXNativeTarget section */
		9C2DBCF4286D9A0E00E5203F /* NotesApp */ = {
			isa = PBXNativeTarget;
			buildConfigurationList = 9C2DBD0C286D9A0E00E5203F /* Build configuration list for PBXNativeTarget "NotesApp" */;
			buildPhases = (
				9C2DBCF1286D9A0E00E5203F /* Sources */,
				9C2DBCF2286D9A0E00E5203F /* Frameworks */,
				9C2DBCF3286D9A0E00E5203F /* Resources */,
			);
			buildRules = (
			);
			dependencies = (
			);
			name = NotesApp;
			productName = MooskineNotebook;
			productReference = 9C2DBCF5286D9A0E00E5203F /* NotesApp.app */;
			productType = "com.apple.product-type.application";
		};
/* End PBXNativeTarget section */

/* Begin PBXProject section */
		9C2DBCED286D9A0E00E5203F /* Project object */ = {
			isa = PBXProject;
			attributes = {
				BuildIndependentTargetsInParallel = 1;
				LastSwiftUpdateCheck = 1340;
				LastUpgradeCheck = 1340;
				TargetAttributes = {
					9C2DBCF4286D9A0E00E5203F = {
						CreatedOnToolsVersion = 13.4.1;
					};
				};
			};
			buildConfigurationList = 9C2DBCF0286D9A0E00E5203F /* Build configuration list for PBXProject "NotesApp" */;
			compatibilityVersion = "Xcode 13.0";
			developmentRegion = en;
			hasScannedForEncodings = 0;
			knownRegions = (
				en,
				Base,
			);
			mainGroup = 9C2DBCEC286D9A0E00E5203F;
			productRefGroup = 9C2DBCF6286D9A0E00E5203F /* Products */;
			projectDirPath = "";
			projectRoot = "";
			targets = (
				9C2DBCF4286D9A0E00E5203F /* NotesApp */,
			);
		};
/* End PBXProject section */

/* Begin PBXResourcesBuildPhase section */
		9C2DBCF3286D9A0E00E5203F /* Resources */ = {
			isa = PBXResourcesBuildPhase;
			buildActionMask = 2147483647;
			files = (
				9C2DBD08286D9A0E00E5203F /* LaunchScreen.storyboard in Resources */,
				9C2DBD05286D9A0E00E5203F /* Assets.xcassets in Resources */,
				9C2DBD00286D9A0E00E5203F /* Main.storyboard in Resources */,
			);
			runOnlyForDeploymentPostprocessing = 0;
		};
/* End PBXResourcesBuildPhase section */

/* Begin PBXSourcesBuildPhase section */
		9C2DBCF1286D9A0E00E5203F /* Sources */ = {
			isa = PBXSourcesBuildPhase;
			buildActionMask = 2147483647;
			files = (
				9C56827B2875CFDB007B20DC /* NotebookListViewModel.swift in Sources */,
				9C2DBD12286F638100E5203F /* DataController.swift in Sources */,
				9C568286287714FB007B20DC /* UITableView+Extensions.swift in Sources */,
				9C2DBCFD286D9A0E00E5203F /* NotebookListViewController.swift in Sources */,
				9C2DBCF9286D9A0E00E5203F /* AppDelegate.swift in Sources */,
				9C2DBCFB286D9A0E00E5203F /* SceneDelegate.swift in Sources */,
				9C568289287739FF007B20DC /* NotesApp.xcdatamodeld in Sources */,
				9C5682732874907F007B20DC /* NotesListViewController.swift in Sources */,
				9C5682842876E239007B20DC /* NotebookViewCell.swift in Sources */,
				9C56827F2875E881007B20DC /* NotesListViewModel.swift in Sources */,
				9C56828C287830D2007B20DC /* NotesViewCell.swift in Sources */,
			);
			runOnlyForDeploymentPostprocessing = 0;
		};
/* End PBXSourcesBuildPhase section */

/* Begin PBXVariantGroup section */
		9C2DBCFE286D9A0E00E5203F /* Main.storyboard */ = {
			isa = PBXVariantGroup;
			children = (
				9C2DBCFF286D9A0E00E5203F /* Base */,
			);
			name = Main.storyboard;
			sourceTree = "<group>";
		};
		9C2DBD06286D9A0E00E5203F /* LaunchScreen.storyboard */ = {
			isa = PBXVariantGroup;
			children = (
				9C2DBD07286D9A0E00E5203F /* Base */,
			);
			name = LaunchScreen.storyboard;
			sourceTree = "<group>";
		};
/* End PBXVariantGroup section */

/* Begin XCBuildConfiguration section */
		9C2DBD0A286D9A0E00E5203F /* Debug */ = {
			isa = XCBuildConfiguration;
			buildSettings = {
				ALWAYS_SEARCH_USER_PATHS = NO;
				CLANG_ANALYZER_NONNULL = YES;
				CLANG_ANALYZER_NUMBER_OBJECT_CONVERSION = YES_AGGRESSIVE;
				CLANG_CXX_LANGUAGE_STANDARD = "gnu++17";
				CLANG_ENABLE_MODULES = YES;
				CLANG_ENABLE_OBJC_ARC = YES;
				CLANG_ENABLE_OBJC_WEAK = YES;
				CLANG_WARN_BLOCK_CAPTURE_AUTORELEASING = YES;
				CLANG_WARN_BOOL_CONVERSION = YES;
				CLANG_WARN_COMMA = YES;
				CLANG_WARN_CONSTANT_CONVERSION = YES;
				CLANG_WARN_DEPRECATED_OBJC_IMPLEMENTATIONS = YES;
				CLANG_WARN_DIRECT_OBJC_ISA_USAGE = YES_ERROR;
				CLANG_WARN_DOCUMENTATION_COMMENTS = YES;
				CLANG_WARN_EMPTY_BODY = YES;
				CLANG_WARN_ENUM_CONVERSION = YES;
				CLANG_WARN_INFINITE_RECURSION = YES;
				CLANG_WARN_INT_CONVERSION = YES;
				CLANG_WARN_NON_LITERAL_NULL_CONVERSION = YES;
				CLANG_WARN_OBJC_IMPLICIT_RETAIN_SELF = YES;
				CLANG_WARN_OBJC_LITERAL_CONVERSION = YES;
				CLANG_WARN_OBJC_ROOT_CLASS = YES_ERROR;
				CLANG_WARN_QUOTED_INCLUDE_IN_FRAMEWORK_HEADER = YES;
				CLANG_WARN_RANGE_LOOP_ANALYSIS = YES;
				CLANG_WARN_STRICT_PROTOTYPES = YES;
				CLANG_WARN_SUSPICIOUS_MOVE = YES;
				CLANG_WARN_UNGUARDED_AVAILABILITY = YES_AGGRESSIVE;
				CLANG_WARN_UNREACHABLE_CODE = YES;
				CLANG_WARN__DUPLICATE_METHOD_MATCH = YES;
				COPY_PHASE_STRIP = NO;
				DEBUG_INFORMATION_FORMAT = dwarf;
				ENABLE_STRICT_OBJC_MSGSEND = YES;
				ENABLE_TESTABILITY = YES;
				GCC_C_LANGUAGE_STANDARD = gnu11;
				GCC_DYNAMIC_NO_PIC = NO;
				GCC_NO_COMMON_BLOCKS = YES;
				GCC_OPTIMIZATION_LEVEL = 0;
				GCC_PREPROCESSOR_DEFINITIONS = (
					"DEBUG=1",
					"$(inherited)",
				);
				GCC_WARN_64_TO_32_BIT_CONVERSION = YES;
				GCC_WARN_ABOUT_RETURN_TYPE = YES_ERROR;
				GCC_WARN_UNDECLARED_SELECTOR = YES;
				GCC_WARN_UNINITIALIZED_AUTOS = YES_AGGRESSIVE;
				GCC_WARN_UNUSED_FUNCTION = YES;
				GCC_WARN_UNUSED_VARIABLE = YES;
				IPHONEOS_DEPLOYMENT_TARGET = 15.5;
				MTL_ENABLE_DEBUG_INFO = INCLUDE_SOURCE;
				MTL_FAST_MATH = YES;
				ONLY_ACTIVE_ARCH = YES;
				SDKROOT = iphoneos;
				SWIFT_ACTIVE_COMPILATION_CONDITIONS = DEBUG;
				SWIFT_OPTIMIZATION_LEVEL = "-Onone";
			};
			name = Debug;
		};
		9C2DBD0B286D9A0E00E5203F /* Release */ = {
			isa = XCBuildConfiguration;
			buildSettings = {
				ALWAYS_SEARCH_USER_PATHS = NO;
				CLANG_ANALYZER_NONNULL = YES;
				CLANG_ANALYZER_NUMBER_OBJECT_CONVERSION = YES_AGGRESSIVE;
				CLANG_CXX_LANGUAGE_STANDARD = "gnu++17";
				CLANG_ENABLE_MODULES = YES;
				CLANG_ENABLE_OBJC_ARC = YES;
				CLANG_ENABLE_OBJC_WEAK = YES;
				CLANG_WARN_BLOCK_CAPTURE_AUTORELEASING = YES;
				CLANG_WARN_BOOL_CONVERSION = YES;
				CLANG_WARN_COMMA = YES;
				CLANG_WARN_CONSTANT_CONVERSION = YES;
				CLANG_WARN_DEPRECATED_OBJC_IMPLEMENTATIONS = YES;
				CLANG_WARN_DIRECT_OBJC_ISA_USAGE = YES_ERROR;
				CLANG_WARN_DOCUMENTATION_COMMENTS = YES;
				CLANG_WARN_EMPTY_BODY = YES;
				CLANG_WARN_ENUM_CONVERSION = YES;
				CLANG_WARN_INFINITE_RECURSION = YES;
				CLANG_WARN_INT_CONVERSION = YES;
				CLANG_WARN_NON_LITERAL_NULL_CONVERSION = YES;
				CLANG_WARN_OBJC_IMPLICIT_RETAIN_SELF = YES;
				CLANG_WARN_OBJC_LITERAL_CONVERSION = YES;
				CLANG_WARN_OBJC_ROOT_CLASS = YES_ERROR;
				CLANG_WARN_QUOTED_INCLUDE_IN_FRAMEWORK_HEADER = YES;
				CLANG_WARN_RANGE_LOOP_ANALYSIS = YES;
				CLANG_WARN_STRICT_PROTOTYPES = YES;
				CLANG_WARN_SUSPICIOUS_MOVE = YES;
				CLANG_WARN_UNGUARDED_AVAILABILITY = YES_AGGRESSIVE;
				CLANG_WARN_UNREACHABLE_CODE = YES;
				CLANG_WARN__DUPLICATE_METHOD_MATCH = YES;
				COPY_PHASE_STRIP = NO;
				DEBUG_INFORMATION_FORMAT = "dwarf-with-dsym";
				ENABLE_NS_ASSERTIONS = NO;
				ENABLE_STRICT_OBJC_MSGSEND = YES;
				GCC_C_LANGUAGE_STANDARD = gnu11;
				GCC_NO_COMMON_BLOCKS = YES;
				GCC_WARN_64_TO_32_BIT_CONVERSION = YES;
				GCC_WARN_ABOUT_RETURN_TYPE = YES_ERROR;
				GCC_WARN_UNDECLARED_SELECTOR = YES;
				GCC_WARN_UNINITIALIZED_AUTOS = YES_AGGRESSIVE;
				GCC_WARN_UNUSED_FUNCTION = YES;
				GCC_WARN_UNUSED_VARIABLE = YES;
				IPHONEOS_DEPLOYMENT_TARGET = 15.5;
				MTL_ENABLE_DEBUG_INFO = NO;
				MTL_FAST_MATH = YES;
				SDKROOT = iphoneos;
				SWIFT_COMPILATION_MODE = wholemodule;
				SWIFT_OPTIMIZATION_LEVEL = "-O";
				VALIDATE_PRODUCT = YES;
			};
			name = Release;
		};
		9C2DBD0D286D9A0E00E5203F /* Debug */ = {
			isa = XCBuildConfiguration;
			buildSettings = {
				ASSETCATALOG_COMPILER_APPICON_NAME = AppIcon;
				ASSETCATALOG_COMPILER_GLOBAL_ACCENT_COLOR_NAME = AccentColor;
				CODE_SIGN_STYLE = Automatic;
				CURRENT_PROJECT_VERSION = 1;
				DEVELOPMENT_TEAM = DSYB3VSYU2;
				GENERATE_INFOPLIST_FILE = YES;
				INFOPLIST_FILE = NotesApp/Info.plist;
				INFOPLIST_KEY_CFBundleDisplayName = NotesApp;
				INFOPLIST_KEY_UIApplicationSupportsIndirectInputEvents = YES;
				INFOPLIST_KEY_UILaunchStoryboardName = LaunchScreen;
				INFOPLIST_KEY_UIMainStoryboardFile = Main;
				INFOPLIST_KEY_UISupportedInterfaceOrientations_iPad = "UIInterfaceOrientationPortrait UIInterfaceOrientationPortraitUpsideDown UIInterfaceOrientationLandscapeLeft UIInterfaceOrientationLandscapeRight";
				INFOPLIST_KEY_UISupportedInterfaceOrientations_iPhone = "UIInterfaceOrientationPortrait UIInterfaceOrientationLandscapeLeft UIInterfaceOrientationLandscapeRight";
				LD_RUNPATH_SEARCH_PATHS = (
					"$(inherited)",
					"@executable_path/Frameworks",
				);
				MARKETING_VERSION = 1.0;
				PRODUCT_BUNDLE_IDENTIFIER = marinaaguiar.NotesApp;
				PRODUCT_NAME = "$(TARGET_NAME)";
				SWIFT_EMIT_LOC_STRINGS = YES;
				SWIFT_VERSION = 5.0;
				TARGETED_DEVICE_FAMILY = "1,2";
			};
			name = Debug;
		};
		9C2DBD0E286D9A0E00E5203F /* Release */ = {
			isa = XCBuildConfiguration;
			buildSettings = {
				ASSETCATALOG_COMPILER_APPICON_NAME = AppIcon;
				ASSETCATALOG_COMPILER_GLOBAL_ACCENT_COLOR_NAME = AccentColor;
				CODE_SIGN_STYLE = Automatic;
				CURRENT_PROJECT_VERSION = 1;
				DEVELOPMENT_TEAM = DSYB3VSYU2;
				GENERATE_INFOPLIST_FILE = YES;
				INFOPLIST_FILE = NotesApp/Info.plist;
				INFOPLIST_KEY_CFBundleDisplayName = NotesApp;
				INFOPLIST_KEY_UIApplicationSupportsIndirectInputEvents = YES;
				INFOPLIST_KEY_UILaunchStoryboardName = LaunchScreen;
				INFOPLIST_KEY_UIMainStoryboardFile = Main;
				INFOPLIST_KEY_UISupportedInterfaceOrientations_iPad = "UIInterfaceOrientationPortrait UIInterfaceOrientationPortraitUpsideDown UIInterfaceOrientationLandscapeLeft UIInterfaceOrientationLandscapeRight";
				INFOPLIST_KEY_UISupportedInterfaceOrientations_iPhone = "UIInterfaceOrientationPortrait UIInterfaceOrientationLandscapeLeft UIInterfaceOrientationLandscapeRight";
				LD_RUNPATH_SEARCH_PATHS = (
					"$(inherited)",
					"@executable_path/Frameworks",
				);
				MARKETING_VERSION = 1.0;
				PRODUCT_BUNDLE_IDENTIFIER = marinaaguiar.NotesApp;
				PRODUCT_NAME = "$(TARGET_NAME)";
				SWIFT_EMIT_LOC_STRINGS = YES;
				SWIFT_VERSION = 5.0;
				TARGETED_DEVICE_FAMILY = "1,2";
			};
			name = Release;
		};
/* End XCBuildConfiguration section */

/* Begin XCConfigurationList section */
		9C2DBCF0286D9A0E00E5203F /* Build configuration list for PBXProject "NotesApp" */ = {
			isa = XCConfigurationList;
			buildConfigurations = (
				9C2DBD0A286D9A0E00E5203F /* Debug */,
				9C2DBD0B286D9A0E00E5203F /* Release */,
			);
			defaultConfigurationIsVisible = 0;
			defaultConfigurationName = Release;
		};
		9C2DBD0C286D9A0E00E5203F /* Build configuration list for PBXNativeTarget "NotesApp" */ = {
			isa = XCConfigurationList;
			buildConfigurations = (
				9C2DBD0D286D9A0E00E5203F /* Debug */,
				9C2DBD0E286D9A0E00E5203F /* Release */,
			);
			defaultConfigurationIsVisible = 0;
			defaultConfigurationName = Release;
		};
/* End XCConfigurationList section */

/* Begin XCVersionGroup section */
		9C568287287739FF007B20DC /* NotesApp.xcdatamodeld */ = {
			isa = XCVersionGroup;
			children = (
				9C568288287739FF007B20DC /* NotesApp.xcdatamodel */,
			);
			currentVersion = 9C568288287739FF007B20DC /* NotesApp.xcdatamodel */;
			path = NotesApp.xcdatamodeld;
			sourceTree = "<group>";
			versionGroupType = wrapper.xcdatamodel;
		};
/* End XCVersionGroup section */
	};
	rootObject = 9C2DBCED286D9A0E00E5203F /* Project object */;
}
